
Microsoft Visual Studio Solution File, Format Version 12.00
# Visual Studio Version 17
VisualStudioVersion = 17.1.32407.343
MinimumVisualStudioVersion = 10.0.40219.1
Project("{FAE04EC0-301F-11D3-BF4B-00C04F79EFBC}") = "OptionDelta", "SampleApp\OptionDelta.csproj", "{C215A46B-B5D3-46F8-B64C-E11CED909C2E}"
EndProject
Global
	GlobalSection(SolutionConfigurationPlatforms) = preSolution
		Debug|Any CPU = Debug|Any CPU
		Release|Any CPU = Release|Any CPU
	EndGlobalSection
	GlobalSection(ProjectConfigurationPlatforms) = postSolution
		{C215A46B-B5D3-46F8-B64C-E11CED909C2E}.Debug|Any CPU.ActiveCfg = Debug|Any CPU
		{C215A46B-B5D3-46F8-B64C-E11CED909C2E}.Debug|Any CPU.Build.0 = Debug|Any CPU
		{C215A46B-B5D3-46F8-B64C-E11CED909C2E}.Release|Any CPU.ActiveCfg = Release|Any CPU
		{C215A46B-B5D3-46F8-B64C-E11CED909C2E}.Release|Any CPU.Build.0 = Release|Any CPU
	EndGlobalSection
	GlobalSection(SolutionProperties) = preSolution
		HideSolutionNode = FALSE
	EndGlobalSection
	GlobalSection(ExtensibilityGlobals) = postSolution
		SolutionGuid = {77B30860-F7FD-48B8-BA14-86ACCDCDF8FC}
	EndGlobalSection
EndGlobal
